
Microsoft Visual Studio Solution File, Format Version 12.00
# Visual Studio Version 17
VisualStudioVersion = 17.14.37411.7 d17.14
MinimumVisualStudioVersion = 10.0.40219.1
Project("{FAE04EC0-301F-11D3-BF4B-00C04F79EFBC}") = "REVORA_MVC_FE", "REVORA_MVC_FE.csproj", "{1C70E125-2558-A3E3-A145-CF04AF195964}"
EndProject
Global
	GlobalSection(SolutionConfigurationPlatforms) = preSolution
		Debug|Any CPU = Debug|Any CPU
		Release|Any CPU = Release|Any CPU
	EndGlobalSection
	GlobalSection(ProjectConfigurationPlatforms) = postSolution
		{1C70E125-2558-A3E3-A145-CF04AF195964}.Debug|Any CPU.ActiveCfg = Debug|Any CPU
		{1C70E125-2558-A3E3-A145-CF04AF195964}.Debug|Any CPU.Build.0 = Debug|Any CPU
		{1C70E125-2558-A3E3-A145-CF04AF195964}.Release|Any CPU.ActiveCfg = Release|Any CPU
		{1C70E125-2558-A3E3-A145-CF04AF195964}.Release|Any CPU.Build.0 = Release|Any CPU
	EndGlobalSection
	GlobalSection(SolutionProperties) = preSolution
		HideSolutionNode = FALSE
	EndGlobalSection
	GlobalSection(ExtensibilityGlobals) = postSolution
		SolutionGuid = {76F93BE4-458F-441D-8C69-17A82A17D866}
	EndGlobalSection
EndGlobal
